{
  "requires": true,
  "lockfileVersion": 1,
  "dependencies": {
    "@hotwired/stimulus": {
      "version": "3.2.1",
      "resolved": "https://registry.npmjs.org/@hotwired/stimulus/-/stimulus-3.2.1.tgz",
      "integrity": "sha512-HGlzDcf9vv/EQrMJ5ZG6VWNs8Z/xMN+1o2OhV1gKiSG6CqZt5MCBB1gRg5ILiN3U0jEAxuDTNPRfBcnZBDmupQ=="
    },
    "@rails/ujs": {
      "version": "7.0.4-3",
      "resolved": "https://registry.npmjs.org/@rails/ujs/-/ujs-7.0.4-3.tgz",
      "integrity": "sha512-JttmF98C1xTVcCSWSDwbqF0IPrCKD6lpeB9uy4VjGYniZIidgSq0fSX1vmHxCH7CuSmsIFMNJ6LtLyCAb8Y6Ng=="
    },
    "@types/turbolinks": {
      "version": "5.2.0",
      "resolved": "https://registry.npmjs.org/@types/turbolinks/-/turbolinks-5.2.0.tgz",
      "integrity": "sha512-xEgHb25lj23EaUlsU3Y4KlFH7elhlYINGSnqyn/8zmcMnenY4Idyjk/x9kw1kOoOToY3de9fD8NSwRzNc6f5nw==",
      "dev": true
    }
  }
}
